// !$*UTF8*$!
{
	archiveVersion = 1;
	classes = {
	};
	objectVersion = 46;
	objects = {

/* Begin PBXBuildFile section */
		4087F03E1BD613A9002FE579 /* main.cpp in Sources */ = {isa = PBXBuildFile; fileRef = 4087F03D1BD613A9002FE579 /* main.cpp */; };
/* End PBXBuildFile section */

/* Begin PBXCopyFilesBuildPhase section */
		4087F0381BD613A9002FE579 /* CopyFiles */ = {
			isa = PBXCopyFilesBuildPhase;
			buildActionMask = 2147483647;
			dstPath = /usr/share/man/man1/;
			dstSubfolderSpec = 0;
			files = (
			);
			runOnlyForDeploymentPostprocessing = 1;
		};
/* End PBXCopyFilesBuildPhase section */

/* Begin PBXFileReference section */
		4087F03A1BD613A9002FE579 /* TC2017_PP2_A01021472 */ = {isa = PBXFileReference; explicitFileType = "compiled.mach-o.executable"; includeInIndex = 0; path = TC2017_PP2_A01021472; sourceTree = BUILT_PRODUCTS_DIR; };
		4087F03D1BD613A9002FE579 /* main.cpp */ = {isa = PBXFileReference; lastKnownFileType = sourcecode.cpp.cpp; path = main.cpp; sourceTree = "<group>"; };
/* End PBXFileReference section */

/* Begin PBXFrameworksBuildPhase section */
		4087F0371BD613A9002FE579 /* Frameworks */ = {
			isa = PBXFrameworksBuildPhase;
			buildActionMask = 2147483647;
			files = (
			);
			runOnlyForDeploymentPostprocessing = 0;
		};
/* End PBXFrameworksBuildPhase section */

/* Begin PBXGroup section */
		4087F0311BD613A9002FE579 = {
			isa = PBXGroup;
			children = (
				4087F03C1BD613A9002FE579 /* TC2017_PP2_A01021472 */,
				4087F03B1BD613A9002FE579 /* Products */,
			);
			sourceTree = "<group>";
		};
		4087F03B1BD613A9002FE579 /* Products */ = {
			isa = PBXGroup;
			children = (
				4087F03A1BD613A9002FE579 /* TC2017_PP2_A01021472 */,
			);
			name = Products;
			sourceTree = "<group>";
		};
		4087F03C1BD613A9002FE579 /* TC2017_PP2_A01021472 */ = {
			isa = PBXGroup;
			children = (
				4087F03D1BD613A9002FE579 /* main.cpp */,
			);
			path = TC2017_PP2_A01021472;
			sourceTree = "<group>";
		};
/* End PBXGroup section */

/* Begin PBXNativeTarget section */
		4087F0391BD613A9002FE579 /* TC2017_PP2_A01021472 */ = {
			isa = PBXNativeTarget;
			buildConfigurationList = 4087F0411BD613A9002FE579 /* Build configuration list for PBXNativeTarget "TC2017_PP2_A01021472" */;
			buildPhases = (
				4087F0361BD613A9002FE579 /* Sources */,
				4087F0371BD613A9002FE579 /* Frameworks */,
				4087F0381BD613A9002FE579 /* CopyFiles */,
			);
			buildRules = (
			);
			dependencies = (
			);
			name = TC2017_PP2_A01021472;
			productName = TC2017_PP2_A01021472;
			productReference = 4087F03A1BD613A9002FE579 /* TC2017_PP2_A01021472 */;
			productType = "com.apple.product-type.tool";
		};
/* End PBXNativeTarget section */

/* Begin PBXProject section */
		4087F0321BD613A9002FE579 /* Project object */ = {
			isa = PBXProject;
			attributes = {
				LastUpgradeCheck = 0700;
				ORGANIZATIONNAME = "Catalina Peralta";
				TargetAttributes = {
					4087F0391BD613A9002FE579 = {
						CreatedOnToolsVersion = 7.0.1;
					};
				};
			};
			buildConfigurationList = 4087F0351BD613A9002FE579 /* Build configuration list for PBXProject "TC2017_PP2_A01021472" */;
			compatibilityVersion = "Xcode 3.2";
			developmentRegion = English;
			hasScannedForEncodings = 0;
			knownRegions = (
				en,
			);
			mainGroup = 4087F0311BD613A9002FE579;
			productRefGroup = 4087F03B1BD613A9002FE579 /* Products */;
			projectDirPath = "";
			projectRoot = "";
			targets = (
				4087F0391BD613A9002FE579 /* TC2017_PP2_A01021472 */,
			);
		};
/* End PBXProject section */

/* Begin PBXSourcesBuildPhase section */
		4087F0361BD613A9002FE579 /* Sources */ = {
			isa = PBXSourcesBuildPhase;
			buildActionMask = 2147483647;
			files = (
				4087F03E1BD613A9002FE579 /* main.cpp in Sources */,
			);
			runOnlyForDeploymentPostprocessing = 0;
		};
/* End PBXSourcesBuildPhase section */

/* Begin XCBuildConfiguration section */
		4087F03F1BD613A9002FE579 /* Debug */ = {
			isa = XCBuildConfiguration;
			buildSettings = {
				ALWAYS_SEARCH_USER_PATHS = NO;
				CLANG_CXX_LANGUAGE_STANDARD = "gnu++0x";
				CLANG_CXX_LIBRARY = "libc++";
				CLANG_ENABLE_MODULES = YES;
				CLANG_ENABLE_OBJC_ARC = YES;
				CLANG_WARN_BOOL_CONVERSION = YES;
				CLANG_WARN_CONSTANT_CONVERSION = YES;
				CLANG_WARN_DIRECT_OBJC_ISA_USAGE = YES_ERROR;
				CLANG_WARN_EMPTY_BODY = YES;
				CLANG_WARN_ENUM_CONVERSION = YES;
				CLANG_WARN_INT_CONVERSION = YES;
				CLANG_WARN_OBJC_ROOT_CLASS = YES_ERROR;
				CLANG_WARN_UNREACHABLE_CODE = YES;
				CLANG_WARN__DUPLICATE_METHOD_MATCH = YES;
				COPY_PHASE_STRIP = NO;
				DEBUG_INFORMATION_FORMAT = dwarf;
				ENABLE_STRICT_OBJC_MSGSEND = YES;
				ENABLE_TESTABILITY = YES;
				GCC_C_LANGUAGE_STANDARD = gnu99;
				GCC_DYNAMIC_NO_PIC = NO;
				GCC_NO_COMMON_BLOCKS = YES;
				GCC_OPTIMIZATION_LEVEL = 0;
				GCC_PREPROCESSOR_DEFINITIONS = (
					"DEBUG=1",
					"$(inherited)",
				);
				GCC_WARN_64_TO_32_BIT_CONVERSION = YES;
				GCC_WARN_ABOUT_RETURN_TYPE = YES_ERROR;
				GCC_WARN_UNDECLARED_SELECTOR = YES;
				GCC_WARN_UNINITIALIZED_AUTOS = YES_AGGRESSIVE;
				GCC_WARN_UNUSED_FUNCTION = YES;
				GCC_WARN_UNUSED_VARIABLE = YES;
				MACOSX_DEPLOYMENT_TARGET = 10.10;
				MTL_ENABLE_DEBUG_INFO = YES;
				ONLY_ACTIVE_ARCH = YES;
				SDKROOT = macosx;
			};
			name = Debug;
		};
		4087F0401BD613A9002FE579 /* Release */ = {
			isa = XCBuildConfiguration;
			buildSettings = {
				ALWAYS_SEARCH_USER_PATHS = NO;
				CLANG_CXX_LANGUAGE_STANDARD = "gnu++0x";
				CLANG_CXX_LIBRARY = "libc++";
				CLANG_ENABLE_MODULES = YES;
				CLANG_ENABLE_OBJC_ARC = YES;
				CLANG_WARN_BOOL_CONVERSION = YES;
				CLANG_WARN_CONSTANT_CONVERSION = YES;
				CLANG_WARN_DIRECT_OBJC_ISA_USAGE = YES_ERROR;
				CLANG_WARN_EMPTY_BODY = YES;
				CLANG_WARN_ENUM_CONVERSION = YES;
				CLANG_WARN_INT_CONVERSION = YES;
				CLANG_WARN_OBJC_ROOT_CLASS = YES_ERROR;
				CLANG_WARN_UNREACHABLE_CODE = YES;
				CLANG_WARN__DUPLICATE_METHOD_MATCH = YES;
				COPY_PHASE_STRIP = NO;
				DEBUG_INFORMATION_FORMAT = "dwarf-with-dsym";
				ENABLE_NS_ASSERTIONS = NO;
				ENABLE_STRICT_OBJC_MSGSEND = YES;
				GCC_C_LANGUAGE_STANDARD = gnu99;
				GCC_NO_COMMON_BLOCKS = YES;
				GCC_WARN_64_TO_32_BIT_CONVERSION = YES;
				GCC_WARN_ABOUT_RETURN_TYPE = YES_ERROR;
				GCC_WARN_UNDECLARED_SELECTOR = YES;
				GCC_WARN_UNINITIALIZED_AUTOS = YES_AGGRESSIVE;
				GCC_WARN_UNUSED_FUNCTION = YES;
				GCC_WARN_UNUSED_VARIABLE = YES;
				MACOSX_DEPLOYMENT_TARGET = 10.10;
				MTL_ENABLE_DEBUG_INFO = NO;
				SDKROOT = macosx;
			};
			name = Release;
		};
		4087F0421BD613A9002FE579 /* Debug */ = {
			isa = XCBuildConfiguration;
			buildSettings = {
				HEADER_SEARCH_PATHS = /Users/icaty/boost_1_59_0;
				LIBRARY_SEARCH_PATHS = "";
				PRODUCT_NAME = "$(TARGET_NAME)";
			};
			name = Debug;
		};
		4087F0431BD613A9002FE579 /* Release */ = {
			isa = XCBuildConfiguration;
			buildSettings = {
				HEADER_SEARCH_PATHS = /Users/icaty/boost_1_59_0;
				LIBRARY_SEARCH_PATHS = "";
				PRODUCT_NAME = "$(TARGET_NAME)";
			};
			name = Release;
		};
/* End XCBuildConfiguration section */

/* Begin XCConfigurationList section */
		4087F0351BD613A9002FE579 /* Build configuration list for PBXProject "TC2017_PP2_A01021472" */ = {
			isa = XCConfigurationList;
			buildConfigurations = (
				4087F03F1BD613A9002FE579 /* Debug */,
				4087F0401BD613A9002FE579 /* Release */,
			);
			defaultConfigurationIsVisible = 0;
			defaultConfigurationName = Release;
		};
		4087F0411BD613A9002FE579 /* Build configuration list for PBXNativeTarget "TC2017_PP2_A01021472" */ = {
			isa = XCConfigurationList;
			buildConfigurations = (
				4087F0421BD613A9002FE579 /* Debug */,
				4087F0431BD613A9002FE579 /* Release */,
			);
			defaultConfigurationIsVisible = 0;
		};
/* End XCConfigurationList section */
	};
	rootObject = 4087F0321BD613A9002FE579 /* Project object */;
}
